// !$*UTF8*$!
{
	archiveVersion = 1;
	classes = {
	};
	objectVersion = 46;
	objects = {
/* Begin PBXBuildFile section */
		00E356F31AD99517003FC87E /* createCatalogTests.m in Sources */ = {isa = PBXBuildFile; fileRef = 00E356F21AD99517003FC87E /* createCatalogTests.m */; };
		13B07FBC1A68108700A75B9A /* AppDelegate.m in Sources */ = {isa = PBXBuildFile; fileRef = 13B07FB01A68108700A75B9A /* AppDelegate.m */; };
		13B07FBD1A68108700A75B9A /* LaunchScreen.xib in Resources */ = {isa = PBXBuildFile; fileRef = 13B07FB11A68108700A75B9A /* LaunchScreen.xib */; };
		13B07FBF1A68108700A75B9A /* Images.xcassets in Resources */ = {isa = PBXBuildFile; fileRef = 13B07FB51A68108700A75B9A /* Images.xcassets */; };
		13B07FC11A68108700A75B9A /* main.m in Sources */ = {isa = PBXBuildFile; fileRef = 13B07FB71A68108700A75B9A /* main.m */; };
		2D02E4BC1E0B4A80006451C7 /* AppDelegate.m in Sources */ = {isa = PBXBuildFile; fileRef = 13B07FB01A68108700A75B9A /* AppDelegate.m */; };
		2D02E4BD1E0B4A84006451C7 /* Images.xcassets in Resources */ = {isa = PBXBuildFile; fileRef = 13B07FB51A68108700A75B9A /* Images.xcassets */; };
		2D02E4BF1E0B4AB3006451C7 /* main.m in Sources */ = {isa = PBXBuildFile; fileRef = 13B07FB71A68108700A75B9A /* main.m */; };
		2DCD954D1E0B4F2C00145EB5 /* createCatalogTests.m in Sources */ = {isa = PBXBuildFile; fileRef = 00E356F21AD99517003FC87E /* createCatalogTests.m */; };
		BD05B1D5CE844AD9953CACD2 /* Poppins-Black.ttf in Resources */ = {isa = PBXBuildFile; fileRef = 4B6F0645D50E42769AAA0A29 /* Poppins-Black.ttf */; };
		53ADD765CE7F451BB95E8D6D /* Poppins-BlackItalic.ttf in Resources */ = {isa = PBXBuildFile; fileRef = 2BE4AE2D62F14514A6D12192 /* Poppins-BlackItalic.ttf */; };
		3C0AC326934F48F492C7FAF2 /* Poppins-Bold.ttf in Resources */ = {isa = PBXBuildFile; fileRef = 5510311FF78C49AA8BE2961B /* Poppins-Bold.ttf */; };
		0D7198013F2043D1B30044A6 /* Poppins-BoldItalic.ttf in Resources */ = {isa = PBXBuildFile; fileRef = 96A8B31D0E4C4E978AE4FBFF /* Poppins-BoldItalic.ttf */; };
		6627BCBF2B264E6789CF0A8E /* Poppins-ExtraBold.ttf in Resources */ = {isa = PBXBuildFile; fileRef = 7D22B17846CD4491AF73F48E /* Poppins-ExtraBold.ttf */; };
		F1F9D3CCD560436F9BC367AD /* Poppins-ExtraBoldItalic.ttf in Resources */ = {isa = PBXBuildFile; fileRef = 47AD6066CBD04E8FAEB5D0C7 /* Poppins-ExtraBoldItalic.ttf */; };
		DD8D863575FF4C6F85E670B7 /* Poppins-ExtraLight.ttf in Resources */ = {isa = PBXBuildFile; fileRef = 436F4D6DE1444A14A1045B33 /* Poppins-ExtraLight.ttf */; };
		403FB0B262BB462980A238AF /* Poppins-ExtraLightItalic.ttf in Resources */ = {isa = PBXBuildFile; fileRef = 7D40A544762741E3A7316A9B /* Poppins-ExtraLightItalic.ttf */; };
		E8A4E87C1A7F4DE0AE6FAEC2 /* Poppins-Italic.ttf in Resources */ = {isa = PBXBuildFile; fileRef = 936BE0C7DA7E4AC38E9F65FA /* Poppins-Italic.ttf */; };
		BF63FADBDBCF429CA16FC87D /* Poppins-Light.ttf in Resources */ = {isa = PBXBuildFile; fileRef = 9CEF36BB2EA347C1A48F91F7 /* Poppins-Light.ttf */; };
		FBF9C73CE3994EB79528041C /* Poppins-LightItalic.ttf in Resources */ = {isa = PBXBuildFile; fileRef = 6DE69943EA834B8F952E6254 /* Poppins-LightItalic.ttf */; };
		87DBD5EFF2EE46B58021482D /* Poppins-Medium.ttf in Resources */ = {isa = PBXBuildFile; fileRef = BBA36C54369E439B8BD52A0D /* Poppins-Medium.ttf */; };
		A08B2F0CC11E49B282CB8927 /* Poppins-MediumItalic.ttf in Resources */ = {isa = PBXBuildFile; fileRef = E2C57ED44E6C4AB089A59C50 /* Poppins-MediumItalic.ttf */; };
		4369E209CFF048D69B3F8231 /* Poppins-Regular.ttf in Resources */ = {isa = PBXBuildFile; fileRef = A95DA5D81BB8435BAE8F320A /* Poppins-Regular.ttf */; };
		83B5DDD66A284C6AB4D7385C /* Poppins-SemiBold.ttf in Resources */ = {isa = PBXBuildFile; fileRef = 3A4F21C51F6E4D70ACB0C9DF /* Poppins-SemiBold.ttf */; };
		677C110861A343B099996CA0 /* Poppins-SemiBoldItalic.ttf in Resources */ = {isa = PBXBuildFile; fileRef = D2D53052EECE494E80EC23D7 /* Poppins-SemiBoldItalic.ttf */; };
		E6CED0BEE6ED4C9B844B2D35 /* Poppins-Thin.ttf in Resources */ = {isa = PBXBuildFile; fileRef = 9E1D66F5DEE04E14B74D1E91 /* Poppins-Thin.ttf */; };
		79A2B7BD2CAD47AE906B32A7 /* Poppins-ThinItalic.ttf in Resources */ = {isa = PBXBuildFile; fileRef = CFC0C19526864173AFC1BA37 /* Poppins-ThinItalic.ttf */; };
		83AA4E27D0454E7BBF0831BD /* AntDesign.ttf in Resources */ = {isa = PBXBuildFile; fileRef = 8C371E44726745F59B7A977A /* AntDesign.ttf */; };
		81EBB13F730541ACA0F08106 /* Entypo.ttf in Resources */ = {isa = PBXBuildFile; fileRef = D34AE3C27B6B4D84A4096EE3 /* Entypo.ttf */; };
		3EC237604BBC42D5A22ABA9B /* EvilIcons.ttf in Resources */ = {isa = PBXBuildFile; fileRef = BD8F044C70FC4BC99FAD74FE /* EvilIcons.ttf */; };
		2F1ED9DC2EC3440B939080C7 /* Feather.ttf in Resources */ = {isa = PBXBuildFile; fileRef = 863102805878405087EBE2F0 /* Feather.ttf */; };
		3C9A1141C2604D1083A42656 /* FontAwesome.ttf in Resources */ = {isa = PBXBuildFile; fileRef = E42AF719B95D4FC5A10AFAC7 /* FontAwesome.ttf */; };
		E90370CC2046472A89D9CCA3 /* FontAwesome5_Brands.ttf in Resources */ = {isa = PBXBuildFile; fileRef = 6EF9FFA5B20641B3B2707A6C /* FontAwesome5_Brands.ttf */; };
		A4B3BAF4E67942A79549E6F2 /* FontAwesome5_Regular.ttf in Resources */ = {isa = PBXBuildFile; fileRef = FCC8E1DA5FB741088DAF8DE0 /* FontAwesome5_Regular.ttf */; };
		CB59F98D3D45458490AE6806 /* FontAwesome5_Solid.ttf in Resources */ = {isa = PBXBuildFile; fileRef = 358FB40D4E57472C95C4D31E /* FontAwesome5_Solid.ttf */; };
		D0FFD53EAF57444E8AE67E61 /* Fontisto.ttf in Resources */ = {isa = PBXBuildFile; fileRef = 655D903B215041409477CAB0 /* Fontisto.ttf */; };
		434F482486E94B65A60DA5F6 /* Foundation.ttf in Resources */ = {isa = PBXBuildFile; fileRef = 339A8DE529F84D8EA315DA37 /* Foundation.ttf */; };
		017ABBCDFC84480CBC88F8B2 /* Ionicons.ttf in Resources */ = {isa = PBXBuildFile; fileRef = 44CA89E50E0F4F1FB91A6E7D /* Ionicons.ttf */; };
		5C12E85F0A684DB7B8D47D18 /* MaterialCommunityIcons.ttf in Resources */ = {isa = PBXBuildFile; fileRef = 5488AFD4550949699ECF46D0 /* MaterialCommunityIcons.ttf */; };
		C3657B7F34F74D3E9C512D77 /* MaterialIcons.ttf in Resources */ = {isa = PBXBuildFile; fileRef = 4BEA6F471ED7467BB1524770 /* MaterialIcons.ttf */; };
		469A6199A78F452EA5760D02 /* Octicons.ttf in Resources */ = {isa = PBXBuildFile; fileRef = 8A671C2738434568BB89EEFB /* Octicons.ttf */; };
		D5A3E64858984C06880B3C39 /* SimpleLineIcons.ttf in Resources */ = {isa = PBXBuildFile; fileRef = CD4B6A371EAF4C9C90F6B375 /* SimpleLineIcons.ttf */; };
		66FDDCAA706440D9A2BD92E2 /* Zocial.ttf in Resources */ = {isa = PBXBuildFile; fileRef = D5C1DFE58A6341518F2F0FBD /* Zocial.ttf */; };
		62AADF9EB75249039B837EDC /* AntDesign.ttf in Resources */ = {isa = PBXBuildFile; fileRef = 78579423824C41F99EAFF851 /* AntDesign.ttf */; };
		8452AE18D57B49FF996CE176 /* Entypo.ttf in Resources */ = {isa = PBXBuildFile; fileRef = 89A40C627D194F099C1B2EE9 /* Entypo.ttf */; };
		F6DD035CAB8E4C4F82992A69 /* EvilIcons.ttf in Resources */ = {isa = PBXBuildFile; fileRef = DBB6BFBA4C9146BC86DDAD35 /* EvilIcons.ttf */; };
		7FEF760C2A7F47F8A6540BAA /* Feather.ttf in Resources */ = {isa = PBXBuildFile; fileRef = 7056B480E8ED4AD6B14B62D1 /* Feather.ttf */; };
		5E5C04DB0198412498BC6CBB /* FontAwesome.ttf in Resources */ = {isa = PBXBuildFile; fileRef = 4535049A3D80497C976B67FE /* FontAwesome.ttf */; };
		C545697C39BE4A7C9E011C5D /* FontAwesome5_Brands.ttf in Resources */ = {isa = PBXBuildFile; fileRef = DD37E4795AE84ED9A28C240B /* FontAwesome5_Brands.ttf */; };
		A16997E2C2AB402D8DCE80E3 /* FontAwesome5_Regular.ttf in Resources */ = {isa = PBXBuildFile; fileRef = 445ABA3B2D6E4BC7B92088DB /* FontAwesome5_Regular.ttf */; };
		F189A15D475D4CA5B64EC640 /* FontAwesome5_Solid.ttf in Resources */ = {isa = PBXBuildFile; fileRef = 635A499E07D3465994952D11 /* FontAwesome5_Solid.ttf */; };
		757FADCA541C433AB914FA23 /* Fontisto.ttf in Resources */ = {isa = PBXBuildFile; fileRef = 16F6FF7DABE14789AADF4115 /* Fontisto.ttf */; };
		CB06CD223F3E4C138A25C13A /* Foundation.ttf in Resources */ = {isa = PBXBuildFile; fileRef = 4776224EE7DC463987654ADD /* Foundation.ttf */; };
		64163BEA16F84F3BBAF2E9A0 /* Ionicons.ttf in Resources */ = {isa = PBXBuildFile; fileRef = AE97979F9C7A403588D112BF /* Ionicons.ttf */; };
		9BE0A879F6CE4DB690D5758B /* MaterialCommunityIcons.ttf in Resources */ = {isa = PBXBuildFile; fileRef = CCB202D693494DAA8493BCAD /* MaterialCommunityIcons.ttf */; };
		32ECD238CAE94CD193CD9AB6 /* MaterialIcons.ttf in Resources */ = {isa = PBXBuildFile; fileRef = D6E7110397AF4E88B29D5275 /* MaterialIcons.ttf */; };
		A37F7D0F91A04FEEBB0450FE /* Octicons.ttf in Resources */ = {isa = PBXBuildFile; fileRef = 41466422DE7441AA9F3EFF97 /* Octicons.ttf */; };
		381D806080CE4E85A11A3EAE /* Roboto_medium.ttf in Resources */ = {isa = PBXBuildFile; fileRef = B17E79BA09EF40F499E751DF /* Roboto_medium.ttf */; };
		F9D7F33562FB448292F683DE /* Roboto.ttf in Resources */ = {isa = PBXBuildFile; fileRef = 7D202D4357C34D7B8179A737 /* Roboto.ttf */; };
		023D4F11EDD144F09F130723 /* rubicon-icon-font.ttf in Resources */ = {isa = PBXBuildFile; fileRef = FDC704BC916A4C5C8F95258C /* rubicon-icon-font.ttf */; };
		E956B85733A2432E829E6BF1 /* SimpleLineIcons.ttf in Resources */ = {isa = PBXBuildFile; fileRef = 5D3CAFF1DABE4374AC4069D1 /* SimpleLineIcons.ttf */; };
		F9E78634DDE2405B8B15EED0 /* Zocial.ttf in Resources */ = {isa = PBXBuildFile; fileRef = 3D666BB85F794B1D8F5663B6 /* Zocial.ttf */; };
/* End PBXBuildFile section */

/* Begin PBXContainerItemProxy section */
		00E356F41AD99517003FC87E /* PBXContainerItemProxy */ = {
			isa = PBXContainerItemProxy;
			containerPortal = 83CBB9F71A601CBA00E9B192 /* Project object */;
			proxyType = 1;
			remoteGlobalIDString = 13B07F861A680F5B00A75B9A;
			remoteInfo = createCatalog;
		};
		2D02E4911E0B4A5D006451C7 /* PBXContainerItemProxy */ = {
			isa = PBXContainerItemProxy;
			containerPortal = 83CBB9F71A601CBA00E9B192 /* Project object */;
			proxyType = 1;
			remoteGlobalIDString = 2D02E47A1E0B4A5D006451C7;
			remoteInfo = "createCatalog-tvOS";
		};
/* End PBXContainerItemProxy section */

/* Begin PBXFileReference section */
		008F07F21AC5B25A0029DE68 /* main.jsbundle */ = {isa = PBXFileReference; fileEncoding = 4; lastKnownFileType = text; path = main.jsbundle; sourceTree = "<group>"; };
		00E356EE1AD99517003FC87E /* createCatalogTests.xctest */ = {isa = PBXFileReference; explicitFileType = wrapper.cfbundle; includeInIndex = 0; path = createCatalogTests.xctest; sourceTree = BUILT_PRODUCTS_DIR; };
		00E356F11AD99517003FC87E /* Info.plist */ = {isa = PBXFileReference; lastKnownFileType = text.plist.xml; path = Info.plist; sourceTree = "<group>"; };
		00E356F21AD99517003FC87E /* createCatalogTests.m */ = {isa = PBXFileReference; lastKnownFileType = sourcecode.c.objc; path = createCatalogTests.m; sourceTree = "<group>"; };
		13B07F961A680F5B00A75B9A /* createCatalog.app */ = {isa = PBXFileReference; explicitFileType = wrapper.application; includeInIndex = 0; path = createCatalog.app; sourceTree = BUILT_PRODUCTS_DIR; };
		13B07FAF1A68108700A75B9A /* AppDelegate.h */ = {isa = PBXFileReference; fileEncoding = 4; lastKnownFileType = sourcecode.c.h; name = AppDelegate.h; path = createCatalog/AppDelegate.h; sourceTree = "<group>"; };
		13B07FB01A68108700A75B9A /* AppDelegate.m */ = {isa = PBXFileReference; fileEncoding = 4; lastKnownFileType = sourcecode.c.objc; name = AppDelegate.m; path = createCatalog/AppDelegate.m; sourceTree = "<group>"; };
		13B07FB21A68108700A75B9A /* Base */ = {isa = PBXFileReference; lastKnownFileType = file.xib; name = Base; path = Base.lproj/LaunchScreen.xib; sourceTree = "<group>"; };
		13B07FB51A68108700A75B9A /* Images.xcassets */ = {isa = PBXFileReference; lastKnownFileType = folder.assetcatalog; name = Images.xcassets; path = createCatalog/Images.xcassets; sourceTree = "<group>"; };
		13B07FB61A68108700A75B9A /* Info.plist */ = {isa = PBXFileReference; fileEncoding = 4; lastKnownFileType = text.plist.xml; name = Info.plist; path = createCatalog/Info.plist; sourceTree = "<group>"; };
		13B07FB71A68108700A75B9A /* main.m */ = {isa = PBXFileReference; fileEncoding = 4; lastKnownFileType = sourcecode.c.objc; name = main.m; path = createCatalog/main.m; sourceTree = "<group>"; };
		2D02E47B1E0B4A5D006451C7 /* createCatalog-tvOS.app */ = {isa = PBXFileReference; explicitFileType = wrapper.application; includeInIndex = 0; path = "createCatalog-tvOS.app"; sourceTree = BUILT_PRODUCTS_DIR; };
		2D02E4901E0B4A5D006451C7 /* createCatalog-tvOSTests.xctest */ = {isa = PBXFileReference; explicitFileType = wrapper.cfbundle; includeInIndex = 0; path = "createCatalog-tvOSTests.xctest"; sourceTree = BUILT_PRODUCTS_DIR; };
		ED297162215061F000B7C4FE /* JavaScriptCore.framework */ = {isa = PBXFileReference; lastKnownFileType = wrapper.framework; name = JavaScriptCore.framework; path = System/Library/Frameworks/JavaScriptCore.framework; sourceTree = SDKROOT; };
		ED2971642150620600B7C4FE /* JavaScriptCore.framework */ = {isa = PBXFileReference; lastKnownFileType = wrapper.framework; name = JavaScriptCore.framework; path = Platforms/AppleTVOS.platform/Developer/SDKs/AppleTVOS12.0.sdk/System/Library/Frameworks/JavaScriptCore.framework; sourceTree = DEVELOPER_DIR; };
		4B6F0645D50E42769AAA0A29 /* Poppins-Black.ttf */ = {isa = PBXFileReference; name = "Poppins-Black.ttf"; path = "../asset/fonts/Poppins-Black.ttf"; sourceTree = "<group>"; fileEncoding = undefined; lastKnownFileType = unknown; explicitFileType = undefined; includeInIndex = 0; };
		2BE4AE2D62F14514A6D12192 /* Poppins-BlackItalic.ttf */ = {isa = PBXFileReference; name = "Poppins-BlackItalic.ttf"; path = "../asset/fonts/Poppins-BlackItalic.ttf"; sourceTree = "<group>"; fileEncoding = undefined; lastKnownFileType = unknown; explicitFileType = undefined; includeInIndex = 0; };
		5510311FF78C49AA8BE2961B /* Poppins-Bold.ttf */ = {isa = PBXFileReference; name = "Poppins-Bold.ttf"; path = "../asset/fonts/Poppins-Bold.ttf"; sourceTree = "<group>"; fileEncoding = undefined; lastKnownFileType = unknown; explicitFileType = undefined; includeInIndex = 0; };
		96A8B31D0E4C4E978AE4FBFF /* Poppins-BoldItalic.ttf */ = {isa = PBXFileReference; name = "Poppins-BoldItalic.ttf"; path = "../asset/fonts/Poppins-BoldItalic.ttf"; sourceTree = "<group>"; fileEncoding = undefined; lastKnownFileType = unknown; explicitFileType = undefined; includeInIndex = 0; };
		7D22B17846CD4491AF73F48E /* Poppins-ExtraBold.ttf */ = {isa = PBXFileReference; name = "Poppins-ExtraBold.ttf"; path = "../asset/fonts/Poppins-ExtraBold.ttf"; sourceTree = "<group>"; fileEncoding = undefined; lastKnownFileType = unknown; explicitFileType = undefined; includeInIndex = 0; };
		47AD6066CBD04E8FAEB5D0C7 /* Poppins-ExtraBoldItalic.ttf */ = {isa = PBXFileReference; name = "Poppins-ExtraBoldItalic.ttf"; path = "../asset/fonts/Poppins-ExtraBoldItalic.ttf"; sourceTree = "<group>"; fileEncoding = undefined; lastKnownFileType = unknown; explicitFileType = undefined; includeInIndex = 0; };
		436F4D6DE1444A14A1045B33 /* Poppins-ExtraLight.ttf */ = {isa = PBXFileReference; name = "Poppins-ExtraLight.ttf"; path = "../asset/fonts/Poppins-ExtraLight.ttf"; sourceTree = "<group>"; fileEncoding = undefined; lastKnownFileType = unknown; explicitFileType = undefined; includeInIndex = 0; };
		7D40A544762741E3A7316A9B /* Poppins-ExtraLightItalic.ttf */ = {isa = PBXFileReference; name = "Poppins-ExtraLightItalic.ttf"; path = "../asset/fonts/Poppins-ExtraLightItalic.ttf"; sourceTree = "<group>"; fileEncoding = undefined; lastKnownFileType = unknown; explicitFileType = undefined; includeInIndex = 0; };
		936BE0C7DA7E4AC38E9F65FA /* Poppins-Italic.ttf */ = {isa = PBXFileReference; name = "Poppins-Italic.ttf"; path = "../asset/fonts/Poppins-Italic.ttf"; sourceTree = "<group>"; fileEncoding = undefined; lastKnownFileType = unknown; explicitFileType = undefined; includeInIndex = 0; };
		9CEF36BB2EA347C1A48F91F7 /* Poppins-Light.ttf */ = {isa = PBXFileReference; name = "Poppins-Light.ttf"; path = "../asset/fonts/Poppins-Light.ttf"; sourceTree = "<group>"; fileEncoding = undefined; lastKnownFileType = unknown; explicitFileType = undefined; includeInIndex = 0; };
		6DE69943EA834B8F952E6254 /* Poppins-LightItalic.ttf */ = {isa = PBXFileReference; name = "Poppins-LightItalic.ttf"; path = "../asset/fonts/Poppins-LightItalic.ttf"; sourceTree = "<group>"; fileEncoding = undefined; lastKnownFileType = unknown; explicitFileType = undefined; includeInIndex = 0; };
		BBA36C54369E439B8BD52A0D /* Poppins-Medium.ttf */ = {isa = PBXFileReference; name = "Poppins-Medium.ttf"; path = "../asset/fonts/Poppins-Medium.ttf"; sourceTree = "<group>"; fileEncoding = undefined; lastKnownFileType = unknown; explicitFileType = undefined; includeInIndex = 0; };
		E2C57ED44E6C4AB089A59C50 /* Poppins-MediumItalic.ttf */ = {isa = PBXFileReference; name = "Poppins-MediumItalic.ttf"; path = "../asset/fonts/Poppins-MediumItalic.ttf"; sourceTree = "<group>"; fileEncoding = undefined; lastKnownFileType = unknown; explicitFileType = undefined; includeInIndex = 0; };
		A95DA5D81BB8435BAE8F320A /* Poppins-Regular.ttf */ = {isa = PBXFileReference; name = "Poppins-Regular.ttf"; path = "../asset/fonts/Poppins-Regular.ttf"; sourceTree = "<group>"; fileEncoding = undefined; lastKnownFileType = unknown; explicitFileType = undefined; includeInIndex = 0; };
		3A4F21C51F6E4D70ACB0C9DF /* Poppins-SemiBold.ttf */ = {isa = PBXFileReference; name = "Poppins-SemiBold.ttf"; path = "../asset/fonts/Poppins-SemiBold.ttf"; sourceTree = "<group>"; fileEncoding = undefined; lastKnownFileType = unknown; explicitFileType = undefined; includeInIndex = 0; };
		D2D53052EECE494E80EC23D7 /* Poppins-SemiBoldItalic.ttf */ = {isa = PBXFileReference; name = "Poppins-SemiBoldItalic.ttf"; path = "../asset/fonts/Poppins-SemiBoldItalic.ttf"; sourceTree = "<group>"; fileEncoding = undefined; lastKnownFileType = unknown; explicitFileType = undefined; includeInIndex = 0; };
		9E1D66F5DEE04E14B74D1E91 /* Poppins-Thin.ttf */ = {isa = PBXFileReference; name = "Poppins-Thin.ttf"; path = "../asset/fonts/Poppins-Thin.ttf"; sourceTree = "<group>"; fileEncoding = undefined; lastKnownFileType = unknown; explicitFileType = undefined; includeInIndex = 0; };
		CFC0C19526864173AFC1BA37 /* Poppins-ThinItalic.ttf */ = {isa = PBXFileReference; name = "Poppins-ThinItalic.ttf"; path = "../asset/fonts/Poppins-ThinItalic.ttf"; sourceTree = "<group>"; fileEncoding = undefined; lastKnownFileType = unknown; explicitFileType = undefined; includeInIndex = 0; };
		8C371E44726745F59B7A977A /* AntDesign.ttf */ = {isa = PBXFileReference; name = "AntDesign.ttf"; path = "../node_modules/react-native-vector-icons/Fonts/AntDesign.ttf"; sourceTree = "<group>"; fileEncoding = undefined; lastKnownFileType = unknown; explicitFileType = undefined; includeInIndex = 0; };
		D34AE3C27B6B4D84A4096EE3 /* Entypo.ttf */ = {isa = PBXFileReference; name = "Entypo.ttf"; path = "../node_modules/react-native-vector-icons/Fonts/Entypo.ttf"; sourceTree = "<group>"; fileEncoding = undefined; lastKnownFileType = unknown; explicitFileType = undefined; includeInIndex = 0; };
		BD8F044C70FC4BC99FAD74FE /* EvilIcons.ttf */ = {isa = PBXFileReference; name = "EvilIcons.ttf"; path = "../node_modules/react-native-vector-icons/Fonts/EvilIcons.ttf"; sourceTree = "<group>"; fileEncoding = undefined; lastKnownFileType = unknown; explicitFileType = undefined; includeInIndex = 0; };
		863102805878405087EBE2F0 /* Feather.ttf */ = {isa = PBXFileReference; name = "Feather.ttf"; path = "../node_modules/react-native-vector-icons/Fonts/Feather.ttf"; sourceTree = "<group>"; fileEncoding = undefined; lastKnownFileType = unknown; explicitFileType = undefined; includeInIndex = 0; };
		E42AF719B95D4FC5A10AFAC7 /* FontAwesome.ttf */ = {isa = PBXFileReference; name = "FontAwesome.ttf"; path = "../node_modules/react-native-vector-icons/Fonts/FontAwesome.ttf"; sourceTree = "<group>"; fileEncoding = undefined; lastKnownFileType = unknown; explicitFileType = undefined; includeInIndex = 0; };
		6EF9FFA5B20641B3B2707A6C /* FontAwesome5_Brands.ttf */ = {isa = PBXFileReference; name = "FontAwesome5_Brands.ttf"; path = "../node_modules/react-native-vector-icons/Fonts/FontAwesome5_Brands.ttf"; sourceTree = "<group>"; fileEncoding = undefined; lastKnownFileType = unknown; explicitFileType = undefined; includeInIndex = 0; };
		FCC8E1DA5FB741088DAF8DE0 /* FontAwesome5_Regular.ttf */ = {isa = PBXFileReference; name = "FontAwesome5_Regular.ttf"; path = "../node_modules/react-native-vector-icons/Fonts/FontAwesome5_Regular.ttf"; sourceTree = "<group>"; fileEncoding = undefined; lastKnownFileType = unknown; explicitFileType = undefined; includeInIndex = 0; };
		358FB40D4E57472C95C4D31E /* FontAwesome5_Solid.ttf */ = {isa = PBXFileReference; name = "FontAwesome5_Solid.ttf"; path = "../node_modules/react-native-vector-icons/Fonts/FontAwesome5_Solid.ttf"; sourceTree = "<group>"; fileEncoding = undefined; lastKnownFileType = unknown; explicitFileType = undefined; includeInIndex = 0; };
		655D903B215041409477CAB0 /* Fontisto.ttf */ = {isa = PBXFileReference; name = "Fontisto.ttf"; path = "../node_modules/react-native-vector-icons/Fonts/Fontisto.ttf"; sourceTree = "<group>"; fileEncoding = undefined; lastKnownFileType = unknown; explicitFileType = undefined; includeInIndex = 0; };
		339A8DE529F84D8EA315DA37 /* Foundation.ttf */ = {isa = PBXFileReference; name = "Foundation.ttf"; path = "../node_modules/react-native-vector-icons/Fonts/Foundation.ttf"; sourceTree = "<group>"; fileEncoding = undefined; lastKnownFileType = unknown; explicitFileType = undefined; includeInIndex = 0; };
		44CA89E50E0F4F1FB91A6E7D /* Ionicons.ttf */ = {isa = PBXFileReference; name = "Ionicons.ttf"; path = "../node_modules/react-native-vector-icons/Fonts/Ionicons.ttf"; sourceTree = "<group>"; fileEncoding = undefined; lastKnownFileType = unknown; explicitFileType = undefined; includeInIndex = 0; };
		5488AFD4550949699ECF46D0 /* MaterialCommunityIcons.ttf */ = {isa = PBXFileReference; name = "MaterialCommunityIcons.ttf"; path = "../node_modules/react-native-vector-icons/Fonts/MaterialCommunityIcons.ttf"; sourceTree = "<group>"; fileEncoding = undefined; lastKnownFileType = unknown; explicitFileType = undefined; includeInIndex = 0; };
		4BEA6F471ED7467BB1524770 /* MaterialIcons.ttf */ = {isa = PBXFileReference; name = "MaterialIcons.ttf"; path = "../node_modules/react-native-vector-icons/Fonts/MaterialIcons.ttf"; sourceTree = "<group>"; fileEncoding = undefined; lastKnownFileType = unknown; explicitFileType = undefined; includeInIndex = 0; };
		8A671C2738434568BB89EEFB /* Octicons.ttf */ = {isa = PBXFileReference; name = "Octicons.ttf"; path = "../node_modules/react-native-vector-icons/Fonts/Octicons.ttf"; sourceTree = "<group>"; fileEncoding = undefined; lastKnownFileType = unknown; explicitFileType = undefined; includeInIndex = 0; };
		CD4B6A371EAF4C9C90F6B375 /* SimpleLineIcons.ttf */ = {isa = PBXFileReference; name = "SimpleLineIcons.ttf"; path = "../node_modules/react-native-vector-icons/Fonts/SimpleLineIcons.ttf"; sourceTree = "<group>"; fileEncoding = undefined; lastKnownFileType = unknown; explicitFileType = undefined; includeInIndex = 0; };
		D5C1DFE58A6341518F2F0FBD /* Zocial.ttf */ = {isa = PBXFileReference; name = "Zocial.ttf"; path = "../node_modules/react-native-vector-icons/Fonts/Zocial.ttf"; sourceTree = "<group>"; fileEncoding = undefined; lastKnownFileType = unknown; explicitFileType = undefined; includeInIndex = 0; };
		78579423824C41F99EAFF851 /* AntDesign.ttf */ = {isa = PBXFileReference; name = "AntDesign.ttf"; path = "../node_modules/native-base/Fonts/AntDesign.ttf"; sourceTree = "<group>"; fileEncoding = undefined; lastKnownFileType = unknown; explicitFileType = undefined; includeInIndex = 0; };
		89A40C627D194F099C1B2EE9 /* Entypo.ttf */ = {isa = PBXFileReference; name = "Entypo.ttf"; path = "../node_modules/native-base/Fonts/Entypo.ttf"; sourceTree = "<group>"; fileEncoding = undefined; lastKnownFileType = unknown; explicitFileType = undefined; includeInIndex = 0; };
		DBB6BFBA4C9146BC86DDAD35 /* EvilIcons.ttf */ = {isa = PBXFileReference; name = "EvilIcons.ttf"; path = "../node_modules/native-base/Fonts/EvilIcons.ttf"; sourceTree = "<group>"; fileEncoding = undefined; lastKnownFileType = unknown; explicitFileType = undefined; includeInIndex = 0; };
		7056B480E8ED4AD6B14B62D1 /* Feather.ttf */ = {isa = PBXFileReference; name = "Feather.ttf"; path = "../node_modules/native-base/Fonts/Feather.ttf"; sourceTree = "<group>"; fileEncoding = undefined; lastKnownFileType = unknown; explicitFileType = undefined; includeInIndex = 0; };
		4535049A3D80497C976B67FE /* FontAwesome.ttf */ = {isa = PBXFileReference; name = "FontAwesome.ttf"; path = "../node_modules/native-base/Fonts/FontAwesome.ttf"; sourceTree = "<group>"; fileEncoding = undefined; lastKnownFileType = unknown; explicitFileType = undefined; includeInIndex = 0; };
		DD37E4795AE84ED9A28C240B /* FontAwesome5_Brands.ttf */ = {isa = PBXFileReference; name = "FontAwesome5_Brands.ttf"; path = "../node_modules/native-base/Fonts/FontAwesome5_Brands.ttf"; sourceTree = "<group>"; fileEncoding = undefined; lastKnownFileType = unknown; explicitFileType = undefined; includeInIndex = 0; };
		445ABA3B2D6E4BC7B92088DB /* FontAwesome5_Regular.ttf */ = {isa = PBXFileReference; name = "FontAwesome5_Regular.ttf"; path = "../node_modules/native-base/Fonts/FontAwesome5_Regular.ttf"; sourceTree = "<group>"; fileEncoding = undefined; lastKnownFileType = unknown; explicitFileType = undefined; includeInIndex = 0; };
		635A499E07D3465994952D11 /* FontAwesome5_Solid.ttf */ = {isa = PBXFileReference; name = "FontAwesome5_Solid.ttf"; path = "../node_modules/native-base/Fonts/FontAwesome5_Solid.ttf"; sourceTree = "<group>"; fileEncoding = undefined; lastKnownFileType = unknown; explicitFileType = undefined; includeInIndex = 0; };
		16F6FF7DABE14789AADF4115 /* Fontisto.ttf */ = {isa = PBXFileReference; name = "Fontisto.ttf"; path = "../node_modules/native-base/Fonts/Fontisto.ttf"; sourceTree = "<group>"; fileEncoding = undefined; lastKnownFileType = unknown; explicitFileType = undefined; includeInIndex = 0; };
		4776224EE7DC463987654ADD /* Foundation.ttf */ = {isa = PBXFileReference; name = "Foundation.ttf"; path = "../node_modules/native-base/Fonts/Foundation.ttf"; sourceTree = "<group>"; fileEncoding = undefined; lastKnownFileType = unknown; explicitFileType = undefined; includeInIndex = 0; };
		AE97979F9C7A403588D112BF /* Ionicons.ttf */ = {isa = PBXFileReference; name = "Ionicons.ttf"; path = "../node_modules/native-base/Fonts/Ionicons.ttf"; sourceTree = "<group>"; fileEncoding = undefined; lastKnownFileType = unknown; explicitFileType = undefined; includeInIndex = 0; };
		CCB202D693494DAA8493BCAD /* MaterialCommunityIcons.ttf */ = {isa = PBXFileReference; name = "MaterialCommunityIcons.ttf"; path = "../node_modules/native-base/Fonts/MaterialCommunityIcons.ttf"; sourceTree = "<group>"; fileEncoding = undefined; lastKnownFileType = unknown; explicitFileType = undefined; includeInIndex = 0; };
		D6E7110397AF4E88B29D5275 /* MaterialIcons.ttf */ = {isa = PBXFileReference; name = "MaterialIcons.ttf"; path = "../node_modules/native-base/Fonts/MaterialIcons.ttf"; sourceTree = "<group>"; fileEncoding = undefined; lastKnownFileType = unknown; explicitFileType = undefined; includeInIndex = 0; };
		41466422DE7441AA9F3EFF97 /* Octicons.ttf */ = {isa = PBXFileReference; name = "Octicons.ttf"; path = "../node_modules/native-base/Fonts/Octicons.ttf"; sourceTree = "<group>"; fileEncoding = undefined; lastKnownFileType = unknown; explicitFileType = undefined; includeInIndex = 0; };
		B17E79BA09EF40F499E751DF /* Roboto_medium.ttf */ = {isa = PBXFileReference; name = "Roboto_medium.ttf"; path = "../node_modules/native-base/Fonts/Roboto_medium.ttf"; sourceTree = "<group>"; fileEncoding = undefined; lastKnownFileType = unknown; explicitFileType = undefined; includeInIndex = 0; };
		7D202D4357C34D7B8179A737 /* Roboto.ttf */ = {isa = PBXFileReference; name = "Roboto.ttf"; path = "../node_modules/native-base/Fonts/Roboto.ttf"; sourceTree = "<group>"; fileEncoding = undefined; lastKnownFileType = unknown; explicitFileType = undefined; includeInIndex = 0; };
		FDC704BC916A4C5C8F95258C /* rubicon-icon-font.ttf */ = {isa = PBXFileReference; name = "rubicon-icon-font.ttf"; path = "../node_modules/native-base/Fonts/rubicon-icon-font.ttf"; sourceTree = "<group>"; fileEncoding = undefined; lastKnownFileType = unknown; explicitFileType = undefined; includeInIndex = 0; };
		5D3CAFF1DABE4374AC4069D1 /* SimpleLineIcons.ttf */ = {isa = PBXFileReference; name = "SimpleLineIcons.ttf"; path = "../node_modules/native-base/Fonts/SimpleLineIcons.ttf"; sourceTree = "<group>"; fileEncoding = undefined; lastKnownFileType = unknown; explicitFileType = undefined; includeInIndex = 0; };
		3D666BB85F794B1D8F5663B6 /* Zocial.ttf */ = {isa = PBXFileReference; name = "Zocial.ttf"; path = "../node_modules/native-base/Fonts/Zocial.ttf"; sourceTree = "<group>"; fileEncoding = undefined; lastKnownFileType = unknown; explicitFileType = undefined; includeInIndex = 0; };
/* End PBXFileReference section */

/* Begin PBXFrameworksBuildPhase section */
		00E356EB1AD99517003FC87E /* Frameworks */ = {
			isa = PBXFrameworksBuildPhase;
			buildActionMask = 2147483647;
			files = (
			);
			runOnlyForDeploymentPostprocessing = 0;
		};
		13B07F8C1A680F5B00A75B9A /* Frameworks */ = {
			isa = PBXFrameworksBuildPhase;
			buildActionMask = 2147483647;
			files = (
			);
			runOnlyForDeploymentPostprocessing = 0;
		};
		2D02E4781E0B4A5D006451C7 /* Frameworks */ = {
			isa = PBXFrameworksBuildPhase;
			buildActionMask = 2147483647;
			files = (
			);
			runOnlyForDeploymentPostprocessing = 0;
		};
		2D02E48D1E0B4A5D006451C7 /* Frameworks */ = {
			isa = PBXFrameworksBuildPhase;
			buildActionMask = 2147483647;
			files = (
			);
			runOnlyForDeploymentPostprocessing = 0;
		};
/* End PBXFrameworksBuildPhase section */

/* Begin PBXGroup section */
		00E356EF1AD99517003FC87E /* createCatalogTests */ = {
			isa = PBXGroup;
			children = (
				00E356F21AD99517003FC87E /* createCatalogTests.m */,
				00E356F01AD99517003FC87E /* Supporting Files */,
			);
			path = createCatalogTests;
			sourceTree = "<group>";
		};
		00E356F01AD99517003FC87E /* Supporting Files */ = {
			isa = PBXGroup;
			children = (
				00E356F11AD99517003FC87E /* Info.plist */,
			);
			name = "Supporting Files";
			sourceTree = "<group>";
		};
		13B07FAE1A68108700A75B9A /* createCatalog */ = {
			isa = PBXGroup;
			children = (
				008F07F21AC5B25A0029DE68 /* main.jsbundle */,
				13B07FAF1A68108700A75B9A /* AppDelegate.h */,
				13B07FB01A68108700A75B9A /* AppDelegate.m */,
				13B07FB51A68108700A75B9A /* Images.xcassets */,
				13B07FB61A68108700A75B9A /* Info.plist */,
				13B07FB11A68108700A75B9A /* LaunchScreen.xib */,
				13B07FB71A68108700A75B9A /* main.m */,
			);
			name = createCatalog;
			sourceTree = "<group>";
		};
		2D16E6871FA4F8E400B85C8A /* Frameworks */ = {
			isa = PBXGroup;
			children = (
				ED297162215061F000B7C4FE /* JavaScriptCore.framework */,
				ED2971642150620600B7C4FE /* JavaScriptCore.framework */,
			);
			name = Frameworks;
			sourceTree = "<group>";
		};
		832341AE1AAA6A7D00B99B32 /* Libraries */ = {
			isa = PBXGroup;
			children = (
			);
			name = Libraries;
			sourceTree = "<group>";
		};
		83CBB9F61A601CBA00E9B192 = {
			isa = PBXGroup;
			children = (
				13B07FAE1A68108700A75B9A /* createCatalog */,
				832341AE1AAA6A7D00B99B32 /* Libraries */,
				00E356EF1AD99517003FC87E /* createCatalogTests */,
				83CBBA001A601CBA00E9B192 /* Products */,
				2D16E6871FA4F8E400B85C8A /* Frameworks */,
				60D76A19AC8843648A51F73E /* Resources */,
			);
			indentWidth = 2;
			sourceTree = "<group>";
			tabWidth = 2;
			usesTabs = 0;
		};
		83CBBA001A601CBA00E9B192 /* Products */ = {
			isa = PBXGroup;
			children = (
				13B07F961A680F5B00A75B9A /* createCatalog.app */,
				00E356EE1AD99517003FC87E /* createCatalogTests.xctest */,
				2D02E47B1E0B4A5D006451C7 /* createCatalog-tvOS.app */,
				2D02E4901E0B4A5D006451C7 /* createCatalog-tvOSTests.xctest */,
			);
			name = Products;
			sourceTree = "<group>";
		};
		60D76A19AC8843648A51F73E /* Resources */ = {
			isa = "PBXGroup";
			children = (
				4B6F0645D50E42769AAA0A29 /* Poppins-Black.ttf */,
				2BE4AE2D62F14514A6D12192 /* Poppins-BlackItalic.ttf */,
				5510311FF78C49AA8BE2961B /* Poppins-Bold.ttf */,
				96A8B31D0E4C4E978AE4FBFF /* Poppins-BoldItalic.ttf */,
				7D22B17846CD4491AF73F48E /* Poppins-ExtraBold.ttf */,
				47AD6066CBD04E8FAEB5D0C7 /* Poppins-ExtraBoldItalic.ttf */,
				436F4D6DE1444A14A1045B33 /* Poppins-ExtraLight.ttf */,
				7D40A544762741E3A7316A9B /* Poppins-ExtraLightItalic.ttf */,
				936BE0C7DA7E4AC38E9F65FA /* Poppins-Italic.ttf */,
				9CEF36BB2EA347C1A48F91F7 /* Poppins-Light.ttf */,
				6DE69943EA834B8F952E6254 /* Poppins-LightItalic.ttf */,
				BBA36C54369E439B8BD52A0D /* Poppins-Medium.ttf */,
				E2C57ED44E6C4AB089A59C50 /* Poppins-MediumItalic.ttf */,
				A95DA5D81BB8435BAE8F320A /* Poppins-Regular.ttf */,
				3A4F21C51F6E4D70ACB0C9DF /* Poppins-SemiBold.ttf */,
				D2D53052EECE494E80EC23D7 /* Poppins-SemiBoldItalic.ttf */,
				9E1D66F5DEE04E14B74D1E91 /* Poppins-Thin.ttf */,
				CFC0C19526864173AFC1BA37 /* Poppins-ThinItalic.ttf */,
				8C371E44726745F59B7A977A /* AntDesign.ttf */,
				D34AE3C27B6B4D84A4096EE3 /* Entypo.ttf */,
				BD8F044C70FC4BC99FAD74FE /* EvilIcons.ttf */,
				863102805878405087EBE2F0 /* Feather.ttf */,
				E42AF719B95D4FC5A10AFAC7 /* FontAwesome.ttf */,
				6EF9FFA5B20641B3B2707A6C /* FontAwesome5_Brands.ttf */,
				FCC8E1DA5FB741088DAF8DE0 /* FontAwesome5_Regular.ttf */,
				358FB40D4E57472C95C4D31E /* FontAwesome5_Solid.ttf */,
				655D903B215041409477CAB0 /* Fontisto.ttf */,
				339A8DE529F84D8EA315DA37 /* Foundation.ttf */,
				44CA89E50E0F4F1FB91A6E7D /* Ionicons.ttf */,
				5488AFD4550949699ECF46D0 /* MaterialCommunityIcons.ttf */,
				4BEA6F471ED7467BB1524770 /* MaterialIcons.ttf */,
				8A671C2738434568BB89EEFB /* Octicons.ttf */,
				CD4B6A371EAF4C9C90F6B375 /* SimpleLineIcons.ttf */,
				D5C1DFE58A6341518F2F0FBD /* Zocial.ttf */,
				78579423824C41F99EAFF851 /* AntDesign.ttf */,
				89A40C627D194F099C1B2EE9 /* Entypo.ttf */,
				DBB6BFBA4C9146BC86DDAD35 /* EvilIcons.ttf */,
				7056B480E8ED4AD6B14B62D1 /* Feather.ttf */,
				4535049A3D80497C976B67FE /* FontAwesome.ttf */,
				DD37E4795AE84ED9A28C240B /* FontAwesome5_Brands.ttf */,
				445ABA3B2D6E4BC7B92088DB /* FontAwesome5_Regular.ttf */,
				635A499E07D3465994952D11 /* FontAwesome5_Solid.ttf */,
				16F6FF7DABE14789AADF4115 /* Fontisto.ttf */,
				4776224EE7DC463987654ADD /* Foundation.ttf */,
				AE97979F9C7A403588D112BF /* Ionicons.ttf */,
				CCB202D693494DAA8493BCAD /* MaterialCommunityIcons.ttf */,
				D6E7110397AF4E88B29D5275 /* MaterialIcons.ttf */,
				41466422DE7441AA9F3EFF97 /* Octicons.ttf */,
				B17E79BA09EF40F499E751DF /* Roboto_medium.ttf */,
				7D202D4357C34D7B8179A737 /* Roboto.ttf */,
				FDC704BC916A4C5C8F95258C /* rubicon-icon-font.ttf */,
				5D3CAFF1DABE4374AC4069D1 /* SimpleLineIcons.ttf */,
				3D666BB85F794B1D8F5663B6 /* Zocial.ttf */,
			);
			name = Resources;
			sourceTree = "<group>";
			path = "";
		};
/* End PBXGroup section */

/* Begin PBXNativeTarget section */
		00E356ED1AD99517003FC87E /* createCatalogTests */ = {
			isa = PBXNativeTarget;
			buildConfigurationList = 00E357021AD99517003FC87E /* Build configuration list for PBXNativeTarget "createCatalogTests" */;
			buildPhases = (
				00E356EA1AD99517003FC87E /* Sources */,
				00E356EB1AD99517003FC87E /* Frameworks */,
				00E356EC1AD99517003FC87E /* Resources */,
			);
			buildRules = (
			);
			dependencies = (
				00E356F51AD99517003FC87E /* PBXTargetDependency */,
			);
			name = createCatalogTests;
			productName = createCatalogTests;
			productReference = 00E356EE1AD99517003FC87E /* createCatalogTests.xctest */;
			productType = "com.apple.product-type.bundle.unit-test";
		};
		13B07F861A680F5B00A75B9A /* createCatalog */ = {
			isa = PBXNativeTarget;
			buildConfigurationList = 13B07F931A680F5B00A75B9A /* Build configuration list for PBXNativeTarget "createCatalog" */;
			buildPhases = (
				FD10A7F022414F080027D42C /* Start Packager */,
				13B07F871A680F5B00A75B9A /* Sources */,
				13B07F8C1A680F5B00A75B9A /* Frameworks */,
				13B07F8E1A680F5B00A75B9A /* Resources */,
				00DD1BFF1BD5951E006B06BC /* Bundle React Native code and images */,
			);
			buildRules = (
			);
			dependencies = (
			);
			name = createCatalog;
			productName = "createCatalog";
			productReference = 13B07F961A680F5B00A75B9A /* createCatalog.app */;
			productType = "com.apple.product-type.application";
		};
		2D02E47A1E0B4A5D006451C7 /* createCatalog-tvOS */ = {
			isa = PBXNativeTarget;
			buildConfigurationList = 2D02E4BA1E0B4A5E006451C7 /* Build configuration list for PBXNativeTarget "createCatalog-tvOS" */;
			buildPhases = (
				FD10A7F122414F3F0027D42C /* Start Packager */,
				2D02E4771E0B4A5D006451C7 /* Sources */,
				2D02E4781E0B4A5D006451C7 /* Frameworks */,
				2D02E4791E0B4A5D006451C7 /* Resources */,
				2D02E4CB1E0B4B27006451C7 /* Bundle React Native Code And Images */,
			);
			buildRules = (
			);
			dependencies = (
			);
			name = "createCatalog-tvOS";
			productName = "createCatalog-tvOS";
			productReference = 2D02E47B1E0B4A5D006451C7 /* createCatalog-tvOS.app */;
			productType = "com.apple.product-type.application";
		};
		2D02E48F1E0B4A5D006451C7 /* createCatalog-tvOSTests */ = {
			isa = PBXNativeTarget;
			buildConfigurationList = 2D02E4BB1E0B4A5E006451C7 /* Build configuration list for PBXNativeTarget "createCatalog-tvOSTests" */;
			buildPhases = (
				2D02E48C1E0B4A5D006451C7 /* Sources */,
				2D02E48D1E0B4A5D006451C7 /* Frameworks */,
				2D02E48E1E0B4A5D006451C7 /* Resources */,
			);
			buildRules = (
			);
			dependencies = (
				2D02E4921E0B4A5D006451C7 /* PBXTargetDependency */,
			);
			name = "createCatalog-tvOSTests";
			productName = "createCatalog-tvOSTests";
			productReference = 2D02E4901E0B4A5D006451C7 /* createCatalog-tvOSTests.xctest */;
			productType = "com.apple.product-type.bundle.unit-test";
		};
/* End PBXNativeTarget section */

/* Begin PBXProject section */
		83CBB9F71A601CBA00E9B192 /* Project object */ = {
			isa = PBXProject;
			attributes = {
				LastUpgradeCheck = 940;
				ORGANIZATIONNAME = Facebook;
				TargetAttributes = {
					00E356ED1AD99517003FC87E = {
						CreatedOnToolsVersion = 6.2;
						TestTargetID = 13B07F861A680F5B00A75B9A;
					};
					2D02E47A1E0B4A5D006451C7 = {
						CreatedOnToolsVersion = 8.2.1;
						ProvisioningStyle = Automatic;
					};
					2D02E48F1E0B4A5D006451C7 = {
						CreatedOnToolsVersion = 8.2.1;
						ProvisioningStyle = Automatic;
						TestTargetID = 2D02E47A1E0B4A5D006451C7;
					};
				};
			};
			buildConfigurationList = 83CBB9FA1A601CBA00E9B192 /* Build configuration list for PBXProject "createCatalog" */;
			compatibilityVersion = "Xcode 3.2";
			developmentRegion = English;
			hasScannedForEncodings = 0;
			knownRegions = (
				en,
				Base,
			);
			mainGroup = 83CBB9F61A601CBA00E9B192;
			productRefGroup = 83CBBA001A601CBA00E9B192 /* Products */;
			projectDirPath = "";
			projectRoot = "";
			targets = (
				13B07F861A680F5B00A75B9A /* createCatalog */,
				00E356ED1AD99517003FC87E /* createCatalogTests */,
				2D02E47A1E0B4A5D006451C7 /* createCatalog-tvOS */,
				2D02E48F1E0B4A5D006451C7 /* createCatalog-tvOSTests */,
			);
		};
/* End PBXProject section */

/* Begin PBXResourcesBuildPhase section */
		00E356EC1AD99517003FC87E /* Resources */ = {
			isa = PBXResourcesBuildPhase;
			buildActionMask = 2147483647;
			files = (
			);
			runOnlyForDeploymentPostprocessing = 0;
		};
		13B07F8E1A680F5B00A75B9A /* Resources */ = {
			isa = PBXResourcesBuildPhase;
			buildActionMask = 2147483647;
			files = (
				13B07FBF1A68108700A75B9A /* Images.xcassets in Resources */,
				13B07FBD1A68108700A75B9A /* LaunchScreen.xib in Resources */,
				BD05B1D5CE844AD9953CACD2 /* Poppins-Black.ttf in Resources */,
				53ADD765CE7F451BB95E8D6D /* Poppins-BlackItalic.ttf in Resources */,
				3C0AC326934F48F492C7FAF2 /* Poppins-Bold.ttf in Resources */,
				0D7198013F2043D1B30044A6 /* Poppins-BoldItalic.ttf in Resources */,
				6627BCBF2B264E6789CF0A8E /* Poppins-ExtraBold.ttf in Resources */,
				F1F9D3CCD560436F9BC367AD /* Poppins-ExtraBoldItalic.ttf in Resources */,
				DD8D863575FF4C6F85E670B7 /* Poppins-ExtraLight.ttf in Resources */,
				403FB0B262BB462980A238AF /* Poppins-ExtraLightItalic.ttf in Resources */,
				E8A4E87C1A7F4DE0AE6FAEC2 /* Poppins-Italic.ttf in Resources */,
				BF63FADBDBCF429CA16FC87D /* Poppins-Light.ttf in Resources */,
				FBF9C73CE3994EB79528041C /* Poppins-LightItalic.ttf in Resources */,
				87DBD5EFF2EE46B58021482D /* Poppins-Medium.ttf in Resources */,
				A08B2F0CC11E49B282CB8927 /* Poppins-MediumItalic.ttf in Resources */,
				4369E209CFF048D69B3F8231 /* Poppins-Regular.ttf in Resources */,
				83B5DDD66A284C6AB4D7385C /* Poppins-SemiBold.ttf in Resources */,
				677C110861A343B099996CA0 /* Poppins-SemiBoldItalic.ttf in Resources */,
				E6CED0BEE6ED4C9B844B2D35 /* Poppins-Thin.ttf in Resources */,
				79A2B7BD2CAD47AE906B32A7 /* Poppins-ThinItalic.ttf in Resources */,
				83AA4E27D0454E7BBF0831BD /* AntDesign.ttf in Resources */,
				81EBB13F730541ACA0F08106 /* Entypo.ttf in Resources */,
				3EC237604BBC42D5A22ABA9B /* EvilIcons.ttf in Resources */,
				2F1ED9DC2EC3440B939080C7 /* Feather.ttf in Resources */,
				3C9A1141C2604D1083A42656 /* FontAwesome.ttf in Resources */,
				E90370CC2046472A89D9CCA3 /* FontAwesome5_Brands.ttf in Resources */,
				A4B3BAF4E67942A79549E6F2 /* FontAwesome5_Regular.ttf in Resources */,
				CB59F98D3D45458490AE6806 /* FontAwesome5_Solid.ttf in Resources */,
				D0FFD53EAF57444E8AE67E61 /* Fontisto.ttf in Resources */,
				434F482486E94B65A60DA5F6 /* Foundation.ttf in Resources */,
				017ABBCDFC84480CBC88F8B2 /* Ionicons.ttf in Resources */,
				5C12E85F0A684DB7B8D47D18 /* MaterialCommunityIcons.ttf in Resources */,
				C3657B7F34F74D3E9C512D77 /* MaterialIcons.ttf in Resources */,
				469A6199A78F452EA5760D02 /* Octicons.ttf in Resources */,
				D5A3E64858984C06880B3C39 /* SimpleLineIcons.ttf in Resources */,
				66FDDCAA706440D9A2BD92E2 /* Zocial.ttf in Resources */,
				62AADF9EB75249039B837EDC /* AntDesign.ttf in Resources */,
				8452AE18D57B49FF996CE176 /* Entypo.ttf in Resources */,
				F6DD035CAB8E4C4F82992A69 /* EvilIcons.ttf in Resources */,
				7FEF760C2A7F47F8A6540BAA /* Feather.ttf in Resources */,
				5E5C04DB0198412498BC6CBB /* FontAwesome.ttf in Resources */,
				C545697C39BE4A7C9E011C5D /* FontAwesome5_Brands.ttf in Resources */,
				A16997E2C2AB402D8DCE80E3 /* FontAwesome5_Regular.ttf in Resources */,
				F189A15D475D4CA5B64EC640 /* FontAwesome5_Solid.ttf in Resources */,
				757FADCA541C433AB914FA23 /* Fontisto.ttf in Resources */,
				CB06CD223F3E4C138A25C13A /* Foundation.ttf in Resources */,
				64163BEA16F84F3BBAF2E9A0 /* Ionicons.ttf in Resources */,
				9BE0A879F6CE4DB690D5758B /* MaterialCommunityIcons.ttf in Resources */,
				32ECD238CAE94CD193CD9AB6 /* MaterialIcons.ttf in Resources */,
				A37F7D0F91A04FEEBB0450FE /* Octicons.ttf in Resources */,
				381D806080CE4E85A11A3EAE /* Roboto_medium.ttf in Resources */,
				F9D7F33562FB448292F683DE /* Roboto.ttf in Resources */,
				023D4F11EDD144F09F130723 /* rubicon-icon-font.ttf in Resources */,
				E956B85733A2432E829E6BF1 /* SimpleLineIcons.ttf in Resources */,
				F9E78634DDE2405B8B15EED0 /* Zocial.ttf in Resources */,
			);
			runOnlyForDeploymentPostprocessing = 0;
		};
		2D02E4791E0B4A5D006451C7 /* Resources */ = {
			isa = PBXResourcesBuildPhase;
			buildActionMask = 2147483647;
			files = (
				2D02E4BD1E0B4A84006451C7 /* Images.xcassets in Resources */,
			);
			runOnlyForDeploymentPostprocessing = 0;
		};
		2D02E48E1E0B4A5D006451C7 /* Resources */ = {
			isa = PBXResourcesBuildPhase;
			buildActionMask = 2147483647;
			files = (
			);
			runOnlyForDeploymentPostprocessing = 0;
		};
/* End PBXResourcesBuildPhase section */

/* Begin PBXShellScriptBuildPhase section */
		00DD1BFF1BD5951E006B06BC /* Bundle React Native code and images */ = {
			isa = PBXShellScriptBuildPhase;
			buildActionMask = 2147483647;
			files = (
			);
			inputPaths = (
			);
			name = "Bundle React Native code and images";
			outputPaths = (
			);
			runOnlyForDeploymentPostprocessing = 0;
			shellPath = /bin/sh;
			shellScript = "export NODE_BINARY=node\n../node_modules/react-native/scripts/react-native-xcode.sh";
		};
		2D02E4CB1E0B4B27006451C7 /* Bundle React Native Code And Images */ = {
			isa = PBXShellScriptBuildPhase;
			buildActionMask = 2147483647;
			files = (
			);
			inputPaths = (
			);
			name = "Bundle React Native Code And Images";
			outputPaths = (
			);
			runOnlyForDeploymentPostprocessing = 0;
			shellPath = /bin/sh;
			shellScript = "export NODE_BINARY=node\n../node_modules/react-native/scripts/react-native-xcode.sh";
		};
		FD10A7F022414F080027D42C /* Start Packager */ = {
			isa = PBXShellScriptBuildPhase;
			buildActionMask = 2147483647;
			files = (
			);
			inputFileListPaths = (
			);
			inputPaths = (
			);
			name = "Start Packager";
			outputFileListPaths = (
			);
			outputPaths = (
			);
			runOnlyForDeploymentPostprocessing = 0;
			shellPath = /bin/sh;
			shellScript = "export RCT_METRO_PORT=\"${RCT_METRO_PORT:=8081}\"\necho \"export RCT_METRO_PORT=${RCT_METRO_PORT}\" > \"${SRCROOT}/../node_modules/react-native/scripts/.packager.env\"\nif [ -z \"${RCT_NO_LAUNCH_PACKAGER+xxx}\" ] ; then\n  if nc -w 5 -z localhost ${RCT_METRO_PORT} ; then\n    if ! curl -s \"http://localhost:${RCT_METRO_PORT}/status\" | grep -q \"packager-status:running\" ; then\n      echo \"Port ${RCT_METRO_PORT} already in use, packager is either not running or not running correctly\"\n      exit 2\n    fi\n  else\n    open \"$SRCROOT/../node_modules/react-native/scripts/launchPackager.command\" || echo \"Can't start packager automatically\"\n  fi\nfi\n";
			showEnvVarsInLog = 0;
		};
		FD10A7F122414F3F0027D42C /* Start Packager */ = {
			isa = PBXShellScriptBuildPhase;
			buildActionMask = 2147483647;
			files = (
			);
			inputFileListPaths = (
			);
			inputPaths = (
			);
			name = "Start Packager";
			outputFileListPaths = (
			);
			outputPaths = (
			);
			runOnlyForDeploymentPostprocessing = 0;
			shellPath = /bin/sh;
			shellScript = "export RCT_METRO_PORT=\"${RCT_METRO_PORT:=8081}\"\necho \"export RCT_METRO_PORT=${RCT_METRO_PORT}\" > \"${SRCROOT}/../node_modules/react-native/scripts/.packager.env\"\nif [ -z \"${RCT_NO_LAUNCH_PACKAGER+xxx}\" ] ; then\n  if nc -w 5 -z localhost ${RCT_METRO_PORT} ; then\n    if ! curl -s \"http://localhost:${RCT_METRO_PORT}/status\" | grep -q \"packager-status:running\" ; then\n      echo \"Port ${RCT_METRO_PORT} already in use, packager is either not running or not running correctly\"\n      exit 2\n    fi\n  else\n    open \"$SRCROOT/../node_modules/react-native/scripts/launchPackager.command\" || echo \"Can't start packager automatically\"\n  fi\nfi\n";
			showEnvVarsInLog = 0;
		};
/* End PBXShellScriptBuildPhase section */

/* Begin PBXSourcesBuildPhase section */
		00E356EA1AD99517003FC87E /* Sources */ = {
			isa = PBXSourcesBuildPhase;
			buildActionMask = 2147483647;
			files = (
				00E356F31AD99517003FC87E /* createCatalogTests.m in Sources */,
			);
			runOnlyForDeploymentPostprocessing = 0;
		};
		13B07F871A680F5B00A75B9A /* Sources */ = {
			isa = PBXSourcesBuildPhase;
			buildActionMask = 2147483647;
			files = (
				13B07FBC1A68108700A75B9A /* AppDelegate.m in Sources */,
				13B07FC11A68108700A75B9A /* main.m in Sources */,
			);
			runOnlyForDeploymentPostprocessing = 0;
		};
		2D02E4771E0B4A5D006451C7 /* Sources */ = {
			isa = PBXSourcesBuildPhase;
			buildActionMask = 2147483647;
			files = (
				2D02E4BF1E0B4AB3006451C7 /* main.m in Sources */,
				2D02E4BC1E0B4A80006451C7 /* AppDelegate.m in Sources */,
			);
			runOnlyForDeploymentPostprocessing = 0;
		};
		2D02E48C1E0B4A5D006451C7 /* Sources */ = {
			isa = PBXSourcesBuildPhase;
			buildActionMask = 2147483647;
			files = (
				2DCD954D1E0B4F2C00145EB5 /* createCatalogTests.m in Sources */,
			);
			runOnlyForDeploymentPostprocessing = 0;
		};
/* End PBXSourcesBuildPhase section */

/* Begin PBXTargetDependency section */
		00E356F51AD99517003FC87E /* PBXTargetDependency */ = {
			isa = PBXTargetDependency;
			target = 13B07F861A680F5B00A75B9A /* createCatalog */;
			targetProxy = 00E356F41AD99517003FC87E /* PBXContainerItemProxy */;
		};
		2D02E4921E0B4A5D006451C7 /* PBXTargetDependency */ = {
			isa = PBXTargetDependency;
			target = 2D02E47A1E0B4A5D006451C7 /* createCatalog-tvOS */;
			targetProxy = 2D02E4911E0B4A5D006451C7 /* PBXContainerItemProxy */;
		};
/* End PBXTargetDependency section */

/* Begin PBXVariantGroup section */
		13B07FB11A68108700A75B9A /* LaunchScreen.xib */ = {
			isa = PBXVariantGroup;
			children = (
				13B07FB21A68108700A75B9A /* Base */,
			);
			name = LaunchScreen.xib;
			path = createCatalog;
			sourceTree = "<group>";
		};
/* End PBXVariantGroup section */

/* Begin XCBuildConfiguration section */
		00E356F61AD99517003FC87E /* Debug */ = {
			isa = XCBuildConfiguration;
			buildSettings = {
				BUNDLE_LOADER = "$(TEST_HOST)";
				GCC_PREPROCESSOR_DEFINITIONS = (
					"DEBUG=1",
					"$(inherited)",
				);
				INFOPLIST_FILE = createCatalogTests/Info.plist;
				IPHONEOS_DEPLOYMENT_TARGET = 9.0;
				LD_RUNPATH_SEARCH_PATHS = "$(inherited) @executable_path/Frameworks @loader_path/Frameworks";
				OTHER_LDFLAGS = (
					"-ObjC",
					"-lc++",
					"$(inherited)",
				);
				PRODUCT_BUNDLE_IDENTIFIER = "org.reactjs.native.example.$(PRODUCT_NAME:rfc1034identifier)";
				PRODUCT_NAME = "$(TARGET_NAME)";
				TEST_HOST = "$(BUILT_PRODUCTS_DIR)/createCatalog.app/createCatalog";
			};
			name = Debug;
		};
		00E356F71AD99517003FC87E /* Release */ = {
			isa = XCBuildConfiguration;
			buildSettings = {
				BUNDLE_LOADER = "$(TEST_HOST)";
				COPY_PHASE_STRIP = NO;
				INFOPLIST_FILE = createCatalogTests/Info.plist;
				IPHONEOS_DEPLOYMENT_TARGET = 9.0;
				LD_RUNPATH_SEARCH_PATHS = "$(inherited) @executable_path/Frameworks @loader_path/Frameworks";
				OTHER_LDFLAGS = (
					"-ObjC",
					"-lc++",
					"$(inherited)",
				);
				PRODUCT_BUNDLE_IDENTIFIER = "org.reactjs.native.example.$(PRODUCT_NAME:rfc1034identifier)";
				PRODUCT_NAME = "$(TARGET_NAME)";
				TEST_HOST = "$(BUILT_PRODUCTS_DIR)/createCatalog.app/createCatalog";
			};
			name = Release;
		};
		13B07F941A680F5B00A75B9A /* Debug */ = {
			isa = XCBuildConfiguration;
			buildSettings = {
				ASSETCATALOG_COMPILER_APPICON_NAME = AppIcon;
				CURRENT_PROJECT_VERSION = 1;
				DEAD_CODE_STRIPPING = NO;
				INFOPLIST_FILE = createCatalog/Info.plist;
				LD_RUNPATH_SEARCH_PATHS = "$(inherited) @executable_path/Frameworks";
				OTHER_LDFLAGS = (
					"$(inherited)",
					"-ObjC",
					"-lc++",
				);
				PRODUCT_BUNDLE_IDENTIFIER = "org.reactjs.native.example.$(PRODUCT_NAME:rfc1034identifier)";
				PRODUCT_NAME = createCatalog;
				VERSIONING_SYSTEM = "apple-generic";
			};
			name = Debug;
		};
		13B07F951A680F5B00A75B9A /* Release */ = {
			isa = XCBuildConfiguration;
			buildSettings = {
				ASSETCATALOG_COMPILER_APPICON_NAME = AppIcon;
				CURRENT_PROJECT_VERSION = 1;
				INFOPLIST_FILE = createCatalog/Info.plist;
				LD_RUNPATH_SEARCH_PATHS = "$(inherited) @executable_path/Frameworks";
				OTHER_LDFLAGS = (
					"$(inherited)",
					"-ObjC",
					"-lc++",
				);
				PRODUCT_BUNDLE_IDENTIFIER = "org.reactjs.native.example.$(PRODUCT_NAME:rfc1034identifier)";
				PRODUCT_NAME = createCatalog;
				VERSIONING_SYSTEM = "apple-generic";
			};
			name = Release;
		};
		2D02E4971E0B4A5E006451C7 /* Debug */ = {
			isa = XCBuildConfiguration;
			buildSettings = {
				ASSETCATALOG_COMPILER_APPICON_NAME = "App Icon & Top Shelf Image";
				ASSETCATALOG_COMPILER_LAUNCHIMAGE_NAME = LaunchImage;
				CLANG_ANALYZER_NONNULL = YES;
				CLANG_WARN_DOCUMENTATION_COMMENTS = YES;
				CLANG_WARN_INFINITE_RECURSION = YES;
				CLANG_WARN_SUSPICIOUS_MOVE = YES;
				DEBUG_INFORMATION_FORMAT = dwarf;
				ENABLE_TESTABILITY = YES;
				GCC_NO_COMMON_BLOCKS = YES;
				INFOPLIST_FILE = "createCatalog-tvOS/Info.plist";
				LD_RUNPATH_SEARCH_PATHS = "$(inherited) @executable_path/Frameworks";
				OTHER_LDFLAGS = (
					"$(inherited)",
					"-ObjC",
					"-lc++",
				);
				PRODUCT_BUNDLE_IDENTIFIER = "com.facebook.REACT.createCatalog-tvOS";
				PRODUCT_NAME = "$(TARGET_NAME)";
				SDKROOT = appletvos;
				TARGETED_DEVICE_FAMILY = 3;
				TVOS_DEPLOYMENT_TARGET = 9.2;
			};
			name = Debug;
		};
		2D02E4981E0B4A5E006451C7 /* Release */ = {
			isa = XCBuildConfiguration;
			buildSettings = {
				ASSETCATALOG_COMPILER_APPICON_NAME = "App Icon & Top Shelf Image";
				ASSETCATALOG_COMPILER_LAUNCHIMAGE_NAME = LaunchImage;
				CLANG_ANALYZER_NONNULL = YES;
				CLANG_WARN_DOCUMENTATION_COMMENTS = YES;
				CLANG_WARN_INFINITE_RECURSION = YES;
				CLANG_WARN_SUSPICIOUS_MOVE = YES;
				COPY_PHASE_STRIP = NO;
				DEBUG_INFORMATION_FORMAT = "dwarf-with-dsym";
				GCC_NO_COMMON_BLOCKS = YES;
				INFOPLIST_FILE = "createCatalog-tvOS/Info.plist";
				LD_RUNPATH_SEARCH_PATHS = "$(inherited) @executable_path/Frameworks";
				OTHER_LDFLAGS = (
					"$(inherited)",
					"-ObjC",
					"-lc++",
				);
				PRODUCT_BUNDLE_IDENTIFIER = "com.facebook.REACT.createCatalog-tvOS";
				PRODUCT_NAME = "$(TARGET_NAME)";
				SDKROOT = appletvos;
				TARGETED_DEVICE_FAMILY = 3;
				TVOS_DEPLOYMENT_TARGET = 9.2;
			};
			name = Release;
		};
		2D02E4991E0B4A5E006451C7 /* Debug */ = {
			isa = XCBuildConfiguration;
			buildSettings = {
				BUNDLE_LOADER = "$(TEST_HOST)";
				CLANG_ANALYZER_NONNULL = YES;
				CLANG_WARN_DOCUMENTATION_COMMENTS = YES;
				CLANG_WARN_INFINITE_RECURSION = YES;
				CLANG_WARN_SUSPICIOUS_MOVE = YES;
				DEBUG_INFORMATION_FORMAT = dwarf;
				ENABLE_TESTABILITY = YES;
				GCC_NO_COMMON_BLOCKS = YES;
				INFOPLIST_FILE = "createCatalog-tvOSTests/Info.plist";
				LD_RUNPATH_SEARCH_PATHS = "$(inherited) @executable_path/Frameworks @loader_path/Frameworks";
				OTHER_LDFLAGS = (
					"$(inherited)",
					"-ObjC",
					"-lc++",
				);
				PRODUCT_BUNDLE_IDENTIFIER = "com.facebook.REACT.createCatalog-tvOSTests";
				PRODUCT_NAME = "$(TARGET_NAME)";
				SDKROOT = appletvos;
				TEST_HOST = "$(BUILT_PRODUCTS_DIR)/createCatalog-tvOS.app/createCatalog-tvOS";
				TVOS_DEPLOYMENT_TARGET = 10.1;
			};
			name = Debug;
		};
		2D02E49A1E0B4A5E006451C7 /* Release */ = {
			isa = XCBuildConfiguration;
			buildSettings = {
				BUNDLE_LOADER = "$(TEST_HOST)";
				CLANG_ANALYZER_NONNULL = YES;
				CLANG_WARN_DOCUMENTATION_COMMENTS = YES;
				CLANG_WARN_INFINITE_RECURSION = YES;
				CLANG_WARN_SUSPICIOUS_MOVE = YES;
				COPY_PHASE_STRIP = NO;
				DEBUG_INFORMATION_FORMAT = "dwarf-with-dsym";
				GCC_NO_COMMON_BLOCKS = YES;
				INFOPLIST_FILE = "createCatalog-tvOSTests/Info.plist";
				LD_RUNPATH_SEARCH_PATHS = "$(inherited) @executable_path/Frameworks @loader_path/Frameworks";
				OTHER_LDFLAGS = (
					"$(inherited)",
					"-ObjC",
					"-lc++",
				);
				PRODUCT_BUNDLE_IDENTIFIER = "com.facebook.REACT.createCatalog-tvOSTests";
				PRODUCT_NAME = "$(TARGET_NAME)";
				SDKROOT = appletvos;
				TEST_HOST = "$(BUILT_PRODUCTS_DIR)/createCatalog-tvOS.app/createCatalog-tvOS";
				TVOS_DEPLOYMENT_TARGET = 10.1;
			};
			name = Release;
		};
		83CBBA201A601CBA00E9B192 /* Debug */ = {
			isa = XCBuildConfiguration;
			buildSettings = {
				ALWAYS_SEARCH_USER_PATHS = NO;
				CLANG_CXX_LANGUAGE_STANDARD = "gnu++0x";
				CLANG_CXX_LIBRARY = "libc++";
				CLANG_ENABLE_MODULES = YES;
				CLANG_ENABLE_OBJC_ARC = YES;
				CLANG_WARN_BLOCK_CAPTURE_AUTORELEASING = YES;
				CLANG_WARN_BOOL_CONVERSION = YES;
				CLANG_WARN_COMMA = YES;
				CLANG_WARN_CONSTANT_CONVERSION = YES;
				CLANG_WARN_DEPRECATED_OBJC_IMPLEMENTATIONS = YES;
				CLANG_WARN_DIRECT_OBJC_ISA_USAGE = YES_ERROR;
				CLANG_WARN_EMPTY_BODY = YES;
				CLANG_WARN_ENUM_CONVERSION = YES;
				CLANG_WARN_INFINITE_RECURSION = YES;
				CLANG_WARN_INT_CONVERSION = YES;
				CLANG_WARN_NON_LITERAL_NULL_CONVERSION = YES;
				CLANG_WARN_OBJC_IMPLICIT_RETAIN_SELF = YES;
				CLANG_WARN_OBJC_LITERAL_CONVERSION = YES;
				CLANG_WARN_OBJC_ROOT_CLASS = YES_ERROR;
				CLANG_WARN_RANGE_LOOP_ANALYSIS = YES;
				CLANG_WARN_STRICT_PROTOTYPES = YES;
				CLANG_WARN_SUSPICIOUS_MOVE = YES;
				CLANG_WARN_UNREACHABLE_CODE = YES;
				CLANG_WARN__DUPLICATE_METHOD_MATCH = YES;
				"CODE_SIGN_IDENTITY[sdk=iphoneos*]" = "iPhone Developer";
				COPY_PHASE_STRIP = NO;
				ENABLE_STRICT_OBJC_MSGSEND = YES;
				ENABLE_TESTABILITY = YES;
				GCC_C_LANGUAGE_STANDARD = gnu99;
				GCC_DYNAMIC_NO_PIC = NO;
				GCC_NO_COMMON_BLOCKS = YES;
				GCC_OPTIMIZATION_LEVEL = 0;
				GCC_PREPROCESSOR_DEFINITIONS = (
					"DEBUG=1",
					"$(inherited)",
				);
				GCC_SYMBOLS_PRIVATE_EXTERN = NO;
				GCC_WARN_64_TO_32_BIT_CONVERSION = YES;
				GCC_WARN_ABOUT_RETURN_TYPE = YES_ERROR;
				GCC_WARN_UNDECLARED_SELECTOR = YES;
				GCC_WARN_UNINITIALIZED_AUTOS = YES_AGGRESSIVE;
				GCC_WARN_UNUSED_FUNCTION = YES;
				GCC_WARN_UNUSED_VARIABLE = YES;
				IPHONEOS_DEPLOYMENT_TARGET = 9.0;
				MTL_ENABLE_DEBUG_INFO = YES;
				ONLY_ACTIVE_ARCH = YES;
				SDKROOT = iphoneos;
			};
			name = Debug;
		};
		83CBBA211A601CBA00E9B192 /* Release */ = {
			isa = XCBuildConfiguration;
			buildSettings = {
				ALWAYS_SEARCH_USER_PATHS = NO;
				CLANG_CXX_LANGUAGE_STANDARD = "gnu++0x";
				CLANG_CXX_LIBRARY = "libc++";
				CLANG_ENABLE_MODULES = YES;
				CLANG_ENABLE_OBJC_ARC = YES;
				CLANG_WARN_BLOCK_CAPTURE_AUTORELEASING = YES;
				CLANG_WARN_BOOL_CONVERSION = YES;
				CLANG_WARN_COMMA = YES;
				CLANG_WARN_CONSTANT_CONVERSION = YES;
				CLANG_WARN_DEPRECATED_OBJC_IMPLEMENTATIONS = YES;
				CLANG_WARN_DIRECT_OBJC_ISA_USAGE = YES_ERROR;
				CLANG_WARN_EMPTY_BODY = YES;
				CLANG_WARN_ENUM_CONVERSION = YES;
				CLANG_WARN_INFINITE_RECURSION = YES;
				CLANG_WARN_INT_CONVERSION = YES;
				CLANG_WARN_NON_LITERAL_NULL_CONVERSION = YES;
				CLANG_WARN_OBJC_IMPLICIT_RETAIN_SELF = YES;
				CLANG_WARN_OBJC_LITERAL_CONVERSION = YES;
				CLANG_WARN_OBJC_ROOT_CLASS = YES_ERROR;
				CLANG_WARN_RANGE_LOOP_ANALYSIS = YES;
				CLANG_WARN_STRICT_PROTOTYPES = YES;
				CLANG_WARN_SUSPICIOUS_MOVE = YES;
				CLANG_WARN_UNREACHABLE_CODE = YES;
				CLANG_WARN__DUPLICATE_METHOD_MATCH = YES;
				"CODE_SIGN_IDENTITY[sdk=iphoneos*]" = "iPhone Developer";
				COPY_PHASE_STRIP = YES;
				ENABLE_NS_ASSERTIONS = NO;
				ENABLE_STRICT_OBJC_MSGSEND = YES;
				GCC_C_LANGUAGE_STANDARD = gnu99;
				GCC_NO_COMMON_BLOCKS = YES;
				GCC_WARN_64_TO_32_BIT_CONVERSION = YES;
				GCC_WARN_ABOUT_RETURN_TYPE = YES_ERROR;
				GCC_WARN_UNDECLARED_SELECTOR = YES;
				GCC_WARN_UNINITIALIZED_AUTOS = YES_AGGRESSIVE;
				GCC_WARN_UNUSED_FUNCTION = YES;
				GCC_WARN_UNUSED_VARIABLE = YES;
				IPHONEOS_DEPLOYMENT_TARGET = 9.0;
				MTL_ENABLE_DEBUG_INFO = NO;
				SDKROOT = iphoneos;
				VALIDATE_PRODUCT = YES;
			};
			name = Release;
		};
/* End XCBuildConfiguration section */

/* Begin XCConfigurationList section */
		00E357021AD99517003FC87E /* Build configuration list for PBXNativeTarget "createCatalogTests" */ = {
			isa = XCConfigurationList;
			buildConfigurations = (
				00E356F61AD99517003FC87E /* Debug */,
				00E356F71AD99517003FC87E /* Release */,
			);
			defaultConfigurationIsVisible = 0;
			defaultConfigurationName = Release;
		};
		13B07F931A680F5B00A75B9A /* Build configuration list for PBXNativeTarget "createCatalog" */ = {
			isa = XCConfigurationList;
			buildConfigurations = (
				13B07F941A680F5B00A75B9A /* Debug */,
				13B07F951A680F5B00A75B9A /* Release */,
			);
			defaultConfigurationIsVisible = 0;
			defaultConfigurationName = Release;
		};
		2D02E4BA1E0B4A5E006451C7 /* Build configuration list for PBXNativeTarget "createCatalog-tvOS" */ = {
			isa = XCConfigurationList;
			buildConfigurations = (
				2D02E4971E0B4A5E006451C7 /* Debug */,
				2D02E4981E0B4A5E006451C7 /* Release */,
			);
			defaultConfigurationIsVisible = 0;
			defaultConfigurationName = Release;
		};
		2D02E4BB1E0B4A5E006451C7 /* Build configuration list for PBXNativeTarget "createCatalog-tvOSTests" */ = {
			isa = XCConfigurationList;
			buildConfigurations = (
				2D02E4991E0B4A5E006451C7 /* Debug */,
				2D02E49A1E0B4A5E006451C7 /* Release */,
			);
			defaultConfigurationIsVisible = 0;
			defaultConfigurationName = Release;
		};
		83CBB9FA1A601CBA00E9B192 /* Build configuration list for PBXProject "createCatalog" */ = {
			isa = XCConfigurationList;
			buildConfigurations = (
				83CBBA201A601CBA00E9B192 /* Debug */,
				83CBBA211A601CBA00E9B192 /* Release */,
			);
			defaultConfigurationIsVisible = 0;
			defaultConfigurationName = Release;
		};
/* End XCConfigurationList section */
	};
	rootObject = 83CBB9F71A601CBA00E9B192 /* Project object */;
}
